{
  "name": "Cyber-Project-2022",
  "lockfileVersion": 2,
  "requires": true,
  "packages": {
    "": {
      "dependencies": {
        "@svgdotjs/svg.js": "^3.1.1",
        "duplexer": "^0.1.2",
        "jquery": "^3.6.0",
        "perfect-freehand": "^1.0.16",
        "pressure": "^2.2.0"
      }
    },
    "node_modules/@svgdotjs/svg.js": {
      "version": "3.1.1",
      "resolved": "https://registry.npmjs.org/@svgdotjs/svg.js/-/svg.js-3.1.1.tgz",
      "integrity": "sha512-73FggAUBS+zuHhJOMZiAsuE5qpwA4pmWUbLuvof2g3YnWEc3QhXA3tjqZlJJukBobSA23a/avf1Vb1U1QbER1Q==",
      "funding": {
        "type": "github",
        "url": "https://github.com/sponsors/Fuzzyma"
      }
    },
    "node_modules/duplexer": {
      "version": "0.1.2",
      "resolved": "https://registry.npmjs.org/duplexer/-/duplexer-0.1.2.tgz",
      "integrity": "sha512-jtD6YG370ZCIi/9GTaJKQxWTZD045+4R4hTk/x1UyoqadyJ9x9CgSi1RlVDQF8U2sxLLSnFkCaMihqljHIWgMg=="
    },
    "node_modules/jquery": {
      "version": "3.6.0",
      "resolved": "https://registry.npmjs.org/jquery/-/jquery-3.6.0.tgz",
      "integrity": "sha512-JVzAR/AjBvVt2BmYhxRCSYysDsPcssdmTFnzyLEts9qNwmjmu4JTAMYubEfwVOSwpQ1I1sKKFcxhZCI2buerfw=="
    },
    "node_modules/perfect-freehand": {
      "version": "1.0.16",
      "resolved": "https://registry.npmjs.org/perfect-freehand/-/perfect-freehand-1.0.16.tgz",
      "integrity": "sha512-D4+avUeR8CHSl2vaPbPYX/dNpSMRYO3VOFp7qSSc+LRkSgzQbLATVnXosy7VxtsSHEh1C5t8K8sfmo0zCVnfWQ=="
    },
    "node_modules/pressure": {
      "version": "2.2.0",
      "resolved": "https://registry.npmjs.org/pressure/-/pressure-2.2.0.tgz",
      "integrity": "sha512-FZAIZTfsz3hIApUQGRKN9fcQYcjsuCB/EWKj5rWr+7hhdkT+3EK8vYsGcdzFebZE7FQTHaIz8Z9k7xTYEs3Qng=="
    }
  },
  "dependencies": {
    "@svgdotjs/svg.js": {
      "version": "3.1.1",
      "resolved": "https://registry.npmjs.org/@svgdotjs/svg.js/-/svg.js-3.1.1.tgz",
      "integrity": "sha512-73FggAUBS+zuHhJOMZiAsuE5qpwA4pmWUbLuvof2g3YnWEc3QhXA3tjqZlJJukBobSA23a/avf1Vb1U1QbER1Q=="
    },
    "duplexer": {
      "version": "0.1.2",
      "resolved": "https://registry.npmjs.org/duplexer/-/duplexer-0.1.2.tgz",
      "integrity": "sha512-jtD6YG370ZCIi/9GTaJKQxWTZD045+4R4hTk/x1UyoqadyJ9x9CgSi1RlVDQF8U2sxLLSnFkCaMihqljHIWgMg=="
    },
    "jquery": {
      "version": "3.6.0",
      "resolved": "https://registry.npmjs.org/jquery/-/jquery-3.6.0.tgz",
      "integrity": "sha512-JVzAR/AjBvVt2BmYhxRCSYysDsPcssdmTFnzyLEts9qNwmjmu4JTAMYubEfwVOSwpQ1I1sKKFcxhZCI2buerfw=="
    },
    "perfect-freehand": {
      "version": "1.0.16",
      "resolved": "https://registry.npmjs.org/perfect-freehand/-/perfect-freehand-1.0.16.tgz",
      "integrity": "sha512-D4+avUeR8CHSl2vaPbPYX/dNpSMRYO3VOFp7qSSc+LRkSgzQbLATVnXosy7VxtsSHEh1C5t8K8sfmo0zCVnfWQ=="
    },
    "pressure": {
      "version": "2.2.0",
      "resolved": "https://registry.npmjs.org/pressure/-/pressure-2.2.0.tgz",
      "integrity": "sha512-FZAIZTfsz3hIApUQGRKN9fcQYcjsuCB/EWKj5rWr+7hhdkT+3EK8vYsGcdzFebZE7FQTHaIz8Z9k7xTYEs3Qng=="
    }
  }
}
